
Microsoft Visual Studio Solution File, Format Version 12.00
# Visual Studio 15
VisualStudioVersion = 15.0.27004.2010
MinimumVisualStudioVersion = 10.0.40219.1
Project("{8BC9CEB8-8B4A-11D0-8D11-00A0C91BC942}") = "KISTask", "KISTask\KISTask.vcxproj", "{8AF40B61-0A39-46B5-93ED-65526420CF0A}"
EndProject
Global
	GlobalSection(SolutionConfigurationPlatforms) = preSolution
		Debug|x64 = Debug|x64
		Debug|x86 = Debug|x86
		Release|x64 = Release|x64
		Release|x86 = Release|x86
	EndGlobalSection
	GlobalSection(ProjectConfigurationPlatforms) = postSolution
		{8AF40B61-0A39-46B5-93ED-65526420CF0A}.Debug|x64.ActiveCfg = Debug|x64
		{8AF40B61-0A39-46B5-93ED-65526420CF0A}.Debug|x64.Build.0 = Debug|x64
		{8AF40B61-0A39-46B5-93ED-65526420CF0A}.Debug|x86.ActiveCfg = Debug|Win32
		{8AF40B61-0A39-46B5-93ED-65526420CF0A}.Debug|x86.Build.0 = Debug|Win32
		{8AF40B61-0A39-46B5-93ED-65526420CF0A}.Release|x64.ActiveCfg = Release|x64
		{8AF40B61-0A39-46B5-93ED-65526420CF0A}.Release|x64.Build.0 = Release|x64
		{8AF40B61-0A39-46B5-93ED-65526420CF0A}.Release|x86.ActiveCfg = Release|Win32
		{8AF40B61-0A39-46B5-93ED-65526420CF0A}.Release|x86.Build.0 = Release|Win32
	EndGlobalSection
	GlobalSection(SolutionProperties) = preSolution
		HideSolutionNode = FALSE
	EndGlobalSection
	GlobalSection(ExtensibilityGlobals) = postSolution
		SolutionGuid = {D857B513-7B5E-4B96-B522-F7E878121E62}
	EndGlobalSection
EndGlobal
